github.com/agl/ed25519 v0.0.0-20170116200512-5312a6153412 h1:w1UutsfOrms1J05zt7ISrnJIXKzwaspym5BTKGx93EI=
github.com/agl/ed25519 v0.0.0-20170116200512-5312a6153412/go.mod h1:WPjqKcmVOxf0XSf3YxCJs6N6AOSrOx3obionmG7T0y0=
github.com/blang/semver v3.5.1+incompatible h1:cQNTCjp13qL8KC3Nbxr/y2Bqb63oX6wdnnjpJbkM4JQ=
github.com/blang/semver v3.5.1+incompatible/go.mod h1:kRBLl5iJ+tD4TcOOxsy/0fnwebNt5EWlYSAyrTnjyyk=
github.com/btcsuite/btcd v0.0.0-20180722020238-9a2f95240248 h1:Sx7MsKAQPkGIpoatgXK63/aDiluok4ts+lrYWdE07bs=
github.com/btcsuite/btcd v0.0.0-20180722020238-9a2f95240248/go.mod h1:Dmm/EzmjnCiweXmzRIAiUWCInVmPgjkzgv5k4tVyXiQ=
github.com/c3systems/c3-go v0.0.0-20180726023132-695acfe2505f h1:3FZURhb6yF0mPIXEYUBz/XptP5MXpejfRXvWwVR5PFc=
github.com/c3systems/c3-go v0.0.0-20180726023132-695acfe2505f/go.mod h1:4GqHCFm9t0dw2LUpUzFivoA2+Fh2KKDTCqrA/rPY1lw=
github.com/codegangsta/cli v1.20.0 h1:iX1FXEgwzd5+XN6wk5cVHOGQj6Q3Dcp20lUeS4lHNTw=
github.com/codegangsta/cli v1.20.0/go.mod h1:/qJNoX69yVSKu5o4jLyXAENLRyk1uhi7zkbQ3slBdOA=
github.com/gogo/protobuf v1.1.1 h1:72R+M5VuhED/KujmZVcIquuo8mBgX4oVda//DQb3PXo=
github.com/gogo/protobuf v1.1.1/go.mod h1:r8qH/GZQm5c6nD/R0oafs1akxWv10x8SbQlK7atdtwQ=
github.com/gxed/hashland v0.0.0-20180221191214-d9f6b97f8db2 h1:neM/RzmgBKxsJ3ioEZnIQmgQQq/sn6xDqYOEYnH3RYM=
github.com/gxed/hashland v0.0.0-20180221191214-d9f6b97f8db2/go.mod h1:YUhWml1NaWLTNBl4NPptkB8MadfaIhgq+a2TRc+Mw4Q=
github.com/ipfs/go-ipfs-api v1.3.1 h1:/YCx2xuFOISUBRU5fMukz8d3QqfRB0gNqgxeqJqjjEU=
github.com/ipfs/go-ipfs-api v1.3.1/go.mod h1:YWGjU+7Bdls1CpvsKsV6EsQ/KMyQqSpBru2hme/5WQg=
github.com/ipfs/go-ipfs-cmdkit v1.1.1 h1:m6au1oAoyICnyAKjczf6YUk5oNIgMbCpaIWeOeEY1lY=
github.com/ipfs/go-ipfs-cmdkit v1.1.1/go.mod h1:9FtbMdUabcSqv/G4/8WCxSLxkZxn/aZEFrxxqnVcRbg=
github.com/ipfs/go-log v1.5.3 h1:sZHI8SmguogIAJ10boCjbzumn1hloQF0YM1c0nypQFA=
github.com/ipfs/go-log v1.5.3/go.mod h1:AKYS9u+ECLT8t30brTaoVwu3f1FpGx6C0352oI1zQ0Q=
github.com/kr/fs v0.1.0 h1:Jskdu9ieNAYnjxsi0LbQp1ulIKZV1LAFgK1tWhpZgl8=
github.com/kr/fs v0.1.0/go.mod h1:FFnZGqtBN9Gxj7eW1uZ42v5BccTP0vu6NEaFoC2HwRg=
github.com/libp2p/go-libp2p-crypto v1.6.2 h1:XD8wM0nVt4Xbh/ike/sfvcWK80TqxgsMNVT21Q51rJU=
github.com/libp2p/go-libp2p-crypto v1.6.2/go.mod h1:WHpT3tvhh7GM2INNJhQBuI6J+5z/o3QI0lTF5UVjppk=
github.com/libp2p/go-libp2p-peer v2.3.5+incompatible h1:zgwcWNo8+/Tuy7l7V+HT63bgbOZmXGGcAf1viMhK0pw=
github.com/libp2p/go-libp2p-peer v2.3.5+incompatible/go.mod h1:fS2eFKRO1IomwBAf+SuE8P1XOT/AAiqSgVPNIFA7Jc0=
github.com/libp2p/go-libp2p-pubsub v0.1.0 h1:zFW0V2WEelfeqpJ+ADRJWpSQSardxeODDXEntU9eR/M=
github.com/libp2p/go-libp2p-pubsub v0.1.0/go.mod h1:E2KoEMwM5nWtdGV+wWueN7g/j++VL9tmCfjzk1fLpWc=
github.com/mattn/go-colorable v0.0.9 h1:UVL0vNpWh04HeJXV0KLcaT7r06gOH2l4OW6ddYRUIY4=
github.com/mattn/go-colorable v0.0.9/go.mod h1:9vuHe8Xs5qXnSaW/c/ABM9alt+Vo+STaOChaDxuIBZU=
github.com/mattn/go-isatty v0.0.3 h1:ns/ykhmWi7G9O+8a448SecJU3nSMBXJfqQkl0upE1jI=
github.com/mattn/go-isatty v0.0.3/go.mod h1:M+lRXTBqGeGNdLjl/ufCoiOlB5xdOkqRJdNxMWT7Zi4=
github.com/minio/blake2b-simd v0.0.0-20160723061019-3f5f724cb5b1 h1:lYpkrQH5ajf0OXOcUbGjvZxxijuBwbbmlSxLiuofa+g=
github.com/minio/blake2b-simd v0.0.0-20160723061019-3f5f724cb5b1/go.mod h1:pD8RvIylQ358TN4wwqatJ8rNavkEINozVn9DtGI3dfQ=
github.com/minio/sha256-simd v0.0.0-20171213220625-ad98a36ba0da h1:tazA5y1hWYJO8VSYbU36yBhXeIvruLXMUKu6WBtcJck=
github.com/minio/sha256-simd v0.0.0-20171213220625-ad98a36ba0da/go.mod h1:2FMWW+8GMoPweT6+pI63m9YE3Lmw4J71hV56Chs1E/U=
github.com/mitchellh/go-homedir v0.0.0-20180523094522-3864e76763d9 h1:Y94YB7jrsihrbGSqRNMwRWJ2/dCxr0hdC2oPRohkx0A=
github.com/mitchellh/go-homedir v0.0.0-20180523094522-3864e76763d9/go.mod h1:SfyaCUpYCn1Vlf4IUYiD9fPX4A5wJrkLzIz1N1q0pr0=
github.com/mr-tron/base58 v0.0.0-20180621141132-4df4dc6e86a9 h1:loYpqLgXMHEe55xcRQxXhciXtHw19jAzI4HUypYpspo=
github.com/mr-tron/base58 v0.0.0-20180621141132-4df4dc6e86a9/go.mod h1:xcD2VGqlgYjBdcBLw+TuYLr8afG+Hj8g2eTVqeSzSU8=
github.com/multiformats/go-multiaddr v1.2.7 h1:EBphZlqqUCuRjGcaS479YewwDbk+fqyd1E+cg4TllrY=
github.com/multiformats/go-multiaddr v1.2.7/go.mod h1:1JAWc2R8uiQTLrCHI/lmOkXYu5B8025fQbZjq8//YgY=
github.com/multiformats/go-multiaddr-net v1.6.2 h1:RkwrD+T2FTg3E3RnaLt8IRIdtwfvda8GphWxdIb8Gos=
github.com/multiformats/go-multiaddr-net v1.6.2/go.mod h1:AO4WqKzxLt+paJ0N0kufj6teQ2R6fZbnItDvGTwilmk=
github.com/multiformats/go-multihash v1.0.8 h1:pyowaBSivNxBr137ZjYkr0q4o41MKSJVPKuO7F7AAfY=
github.com/multiformats/go-multihash v1.0.8/go.mod h1:sT17phG+xVgnrZc8ht/ZoCIV0sKRwvmZkXk46UfSxM4=
github.com/obscuren/ecies v0.0.0-20150213224233-7c0f4a9b18d9 h1:Q9JlyQu2TEEvmDnbiwhTis7qt3jpOt8spfuyaO6+vDw=
github.com/obscuren/ecies v0.0.0-20150213224233-7c0f4a9b18d9/go.mod h1:Pxvzt51U7dqynm0OJwBLWHPfHygNVxGrxXE8AS16xf0=
github.com/opentracing/opentracing-go v1.0.2 h1:3jA2P6O1F9UOrWVpwrIo17pu01KWvNWg4X946/Y5Zwg=
github.com/opentracing/opentracing-go v1.0.2/go.mod h1:UkNAQd3GIcIGf0SeVgPpRdFStlNbqXla1AfSYxPUl2o=
github.com/sabhiram/go-git-ignore v0.0.0-20180611051255-d3107576ba94 h1:YAaGJqLHcHSvimJA6dUpcSlGHNKHKcpJZ84KER1VMTE=
github.com/sabhiram/go-git-ignore v0.0.0-20180611051255-d3107576ba94/go.mod h1:yRB/JGk9Vry1PNE04BUqcjQqikIMweumaxXvuNHiSTE=
github.com/sirupsen/logrus v1.0.6 h1:hcP1GmhGigz/O7h1WVUM5KklBp1JoNS9FggWKdj/j3s=
github.com/sirupsen/logrus v1.0.6/go.mod h1:pMByvHTf9Beacp5x1UXfOR9xyW/9antXMhjMPG0dEzc=
github.com/spaolacci/murmur3 v0.0.0-20180118202830-f09979ecbc72 h1:qLC7fQah7D6K1B0ujays3HV9gkFtllcxhzImRR7ArPQ=
github.com/spaolacci/murmur3 v0.0.0-20180118202830-f09979ecbc72/go.mod h1:JwIasOWyU6f++ZhiEuf87xNszmSA2myDM2Kzu9HwQUA=
github.com/urfave/cli v1.20.0 h1:fDqGv3UG/4jbVl/QkFwEdddtEDjh/5Ov6X+0B/3bPaw=
github.com/urfave/cli v1.20.0/go.mod h1:70zkFmudgCuE/ngEzBv17Jvp/497gISqfk5gWijbERA=
github.com/whyrusleeping/go-logging v0.0.0-20170515211332-0457bb6b88fc h1:9lDbC6Rz4bwmou+oE6Dt4Cb2BGMur5eR/GYptkKUVHo=
github.com/whyrusleeping/go-logging v0.0.0-20170515211332-0457bb6b88fc/go.mod h1:bopw91TMyo8J3tvftk8xmU2kPmlrt4nScJQZU2hE5EM=
github.com/whyrusleeping/gx v0.13.0 h1:OFiTSRxQQwRpYRNDLCWWKORrNRtiU+klLRLSKe5px+M=
github.com/whyrusleeping/gx v0.13.0/go.mod h1:e7k5R8Ndb9Ocdv8fWAeyg9uqjRuLl19xi/SvpGS0UuU=
github.com/whyrusleeping/gx-go v1.7.0 h1:wchEgNNMzGwAjJoc7R2SOdAmPrG2NTBhzbFqvcaDHdg=
github.com/whyrusleeping/gx-go v1.7.0/go.mod h1:GydEO1wfHtMs1NCsgW9ha01ZsJ9cfxaTBum3fQrXo0M=
github.com/whyrusleeping/json-filter v0.0.0-20160615203754-ff25329a9528 h1:mhhwUOVd274QT9VTCjIYhCDR4RCE9tqNDyHQVB5Rd9k=
github.com/whyrusleeping/json-filter v0.0.0-20160615203754-ff25329a9528/go.mod h1:5a88m1gFWhTL3QwRdNm1fiRNrBTME7Ch8f8pZZZes9g=
github.com/whyrusleeping/progmeter v0.0.0-20180725015555-f3e57218a75b h1:jMJLc+G2DWK2ZX+C+X4Jv7x2ss+XReNGNMpQ+a3fdqo=
github.com/whyrusleeping/progmeter v0.0.0-20180725015555-f3e57218a75b/go.mod h1:gyCeSVnUb+LQh0QCWbg0Sl30ckl2YgNC+yvSFvy5mFY=
github.com/whyrusleeping/stump v0.0.0-20160611222256-206f8f13aae1 h1:57Pu2W5KJQ3qRtqKYqOS4GQtkwxGH4ppL4mLWaPnfZU=
github.com/whyrusleeping/stump v0.0.0-20160611222256-206f8f13aae1/go.mod h1:Qv7QS+Xqv+q5lhOfseae0ZWF0wliLmab2hmikKoLhgE=
github.com/whyrusleeping/tar-utils v0.0.0-20180509141711-8c6c8ba81d5c h1:GGsyl0dZ2jJgVT+VvWBf/cNijrHRhkrTjkmp5wg7li0=
github.com/whyrusleeping/tar-utils v0.0.0-20180509141711-8c6c8ba81d5c/go.mod h1:xxcJeBb7SIUl/Wzkz1eVKJE/CB34YNrqX2TQI6jY9zs=
golang.org/x/crypto v0.0.0-20180723164146-c126467f60eb h1:Ah9YqXLj6fEgeKqcmBuLCbAsrF3ScD7dJ/bYM0C6tXI=
golang.org/x/crypto v0.0.0-20180723164146-c126467f60eb/go.mod h1:6SG95UA2DQfeDnfUPMdvaQW0Q7yPrPDi9nlGo2tz2b4=
golang.org/x/net v0.0.0-20180724234803-3673e40ba225 h1:kNX+jCowfMYzvlSvJu5pQWEmyWFrBXJ3PBy10xKMXK8=
golang.org/x/net v0.0.0-20180724234803-3673e40ba225/go.mod h1:mL1N/T3taQHkDXs73rZJwtUhF3w3ftmwwsq0BUmARs4=
golang.org/x/sys v0.0.0-20180724212812-e072cadbbdc8 h1:7T3bTJEttnfJdEY+NY/VYT7IXRaul8potWiyw/n7LB8=
golang.org/x/sys v0.0.0-20180724212812-e072cadbbdc8/go.mod h1:STP8DvDyc/dI5b8T5hshtkjS+E42TnysNCUPdjciGhY=
