# This file is autogenerated, do not edit; changes may be undone by the next 'dep ensure'.


[[projects]]
  name = "github.com/Microsoft/go-winio"
  packages = ["."]
  revision = "a6d595ae73cf27a1b8fc32930668708f45ce1c85"
  version = "v0.4.9"

[[projects]]
  branch = "master"
  name = "github.com/agl/ed25519"
  packages = [
    ".",
    "edwards25519",
    "extra25519"
  ]
  revision = "5312a61534124124185d41f09206b9fef1d88403"

[[projects]]
  branch = "master"
  name = "github.com/btcsuite/btcd"
  packages = ["btcec"]
  revision = "9a2f9524024889e129a5422aca2cff73cb3eabf6"

[[projects]]
  branch = "develop"
  name = "github.com/c3systems/c3-go"
  packages = [
    "common/c3crypto",
    "common/coder",
    "common/command",
    "common/hashing",
    "common/hexutil",
    "common/netutil",
    "common/stringutil",
    "common/txparamcoder",
    "config",
    "core/chain/mainchain",
    "core/chain/merkle",
    "core/chain/statechain",
    "core/diffing",
    "core/docker",
    "core/ipfs",
    "core/miner",
    "core/p2p",
    "core/p2p/protobuff",
    "core/p2p/protobuff/pb",
    "core/sandbox",
    "core/types/methods",
    "log/color",
    "log/hooks",
    "node/types",
    "registry",
    "registry/server",
    "registry/util"
  ]
  revision = "695acfe2505f47f302d2a3e89765ce8db4470729"

[[projects]]
  name = "github.com/c3systems/merkletree"
  packages = ["."]
  revision = "fc8fe74abaaa7a9c041d0adad328aa84a1b3c591"
  version = "v0.1.0"

[[projects]]
  name = "github.com/coreos/go-semver"
  packages = ["semver"]
  revision = "8ab6407b697782a06568d4b7f1db25550ec2e4c6"
  version = "v0.2.0"

[[projects]]
  name = "github.com/davecgh/go-spew"
  packages = ["spew"]
  revision = "8991bc29aa16c548c550c7ff78260e27b9ab7c73"
  version = "v1.1.1"

[[projects]]
  name = "github.com/docker/distribution"
  packages = [
    "digest",
    "reference"
  ]
  revision = "48294d928ced5dd9b378f7fd7c6f5da3ff3f2c89"
  version = "v2.6.2"

[[projects]]
  name = "github.com/docker/docker"
  packages = [
    "api/types",
    "api/types/blkiodev",
    "api/types/container",
    "api/types/events",
    "api/types/filters",
    "api/types/mount",
    "api/types/network",
    "api/types/reference",
    "api/types/registry",
    "api/types/strslice",
    "api/types/swarm",
    "api/types/time",
    "api/types/versions",
    "api/types/volume",
    "client",
    "pkg/tlsconfig"
  ]
  revision = "092cba3727bb9b4a2f0e922cd6c0f93ea270e363"
  version = "v1.13.1"

[[projects]]
  name = "github.com/docker/go-connections"
  packages = [
    "nat",
    "sockets",
    "tlsconfig"
  ]
  revision = "3ede32e2033de7505e6500d6c868c2b9ed9f169d"
  version = "v0.3.0"

[[projects]]
  name = "github.com/docker/go-units"
  packages = ["."]
  revision = "47565b4f722fb6ceae66b95f853feed578a4a51c"
  version = "v0.3.3"

[[projects]]
  name = "github.com/fatih/color"
  packages = ["."]
  revision = "5b77d2a35fb0ede96d138fc9a99f5c9b6aef11b4"
  version = "v1.7.0"

[[projects]]
  name = "github.com/fd/go-nat"
  packages = ["."]
  revision = "bad65a492f32121a87197f4a085905c35e2a367e"
  version = "v1.0.0"

[[projects]]
  name = "github.com/gogo/protobuf"
  packages = [
    "io",
    "proto"
  ]
  revision = "636bf0302bc95575d69441b25a2603156ffdddf1"
  version = "v1.1.1"

[[projects]]
  name = "github.com/golang/protobuf"
  packages = ["proto"]
  revision = "b4deda0973fb4c70b50d226b1af49f3da59f5265"
  version = "v1.1.0"

[[projects]]
  name = "github.com/google/uuid"
  packages = ["."]
  revision = "064e2069ce9c359c118179501254f67d7d37ba24"
  version = "0.2"

[[projects]]
  branch = "master"
  name = "github.com/gxed/GoEndian"
  packages = ["."]
  revision = "0f5c6873267e5abf306ffcdfcfa4bf77517ef4a7"

[[projects]]
  branch = "master"
  name = "github.com/gxed/bbloom"
  packages = ["."]
  revision = "6c7292d0e0050d4187fb67f264cfa1b0a147c733"

[[projects]]
  branch = "master"
  name = "github.com/gxed/eventfd"
  packages = ["."]
  revision = "80a92cca79a8041496ccc9dd773fcb52a57ec6f9"

[[projects]]
  branch = "master"
  name = "github.com/gxed/hashland"
  packages = ["keccakpg"]
  revision = "d9f6b97f8db22dd1e090fd0bbbe98f09cc7dd0a8"

[[projects]]
  branch = "master"
  name = "github.com/gxed/pubsub"
  packages = ["."]
  revision = "26ebdf44f8241701f6ac147523687095c1b9213b"

[[projects]]
  branch = "master"
  name = "github.com/hashicorp/golang-lru"
  packages = [
    ".",
    "simplelru"
  ]
  revision = "0fb14efe8c47ae851c0034ed7a448854d3d34cf3"

[[projects]]
  branch = "master"
  name = "github.com/huin/goupnp"
  packages = [
    ".",
    "dcps/internetgateway1",
    "dcps/internetgateway2",
    "httpu",
    "scpd",
    "soap",
    "ssdp"
  ]
  revision = "1395d1447324cbea88d249fbfcfd70ea878fdfca"

[[projects]]
  name = "github.com/ipfs/go-block-format"
  packages = ["."]
  revision = "6dead782393dde60414a65a32eb4fcc238db8e8c"
  version = "v0.1.8"

[[projects]]
  name = "github.com/ipfs/go-cid"
  packages = ["."]
  revision = "5b04f3043387b02aeeee6a35899f0e767bae3b33"
  version = "v0.7.21"

[[projects]]
  name = "github.com/ipfs/go-datastore"
  packages = [
    ".",
    "keytransform",
    "namespace",
    "query",
    "sync"
  ]
  revision = "e9b957d683804610bb830a00aed753633c4a5d36"
  version = "v2.4.1"

[[projects]]
  name = "github.com/ipfs/go-ipfs"
  packages = [
    "blockservice",
    "exchange/bitswap",
    "exchange/bitswap/decision",
    "exchange/bitswap/message",
    "exchange/bitswap/message/pb",
    "exchange/bitswap/network",
    "exchange/bitswap/notifications",
    "exchange/bitswap/testnet",
    "exchange/bitswap/wantlist",
    "thirdparty/verifcid"
  ]
  revision = "92ac43afef339e3c3090777db27959e4492a173e"
  version = "v0.4.16"

[[projects]]
  name = "github.com/ipfs/go-ipfs-addr"
  packages = ["."]
  revision = "ae66399309c1cd6ea4e3b5a757508899907dfa31"
  version = "v0.1.16"

[[projects]]
  name = "github.com/ipfs/go-ipfs-api"
  packages = ["."]
  revision = "f1ca0efb95f180e287f6e2923749dd2057c448cc"
  version = "v1.3.1"

[[projects]]
  name = "github.com/ipfs/go-ipfs-blockstore"
  packages = ["."]
  revision = "fe4126ef4d98a3ae199ed7cfbb8ebd396aa83209"
  version = "v0.0.8"

[[projects]]
  name = "github.com/ipfs/go-ipfs-cmdkit"
  packages = ["files"]
  revision = "3432d7e930e7d6d874654d566fa44573f8e0d955"
  version = "v1.1.1"

[[projects]]
  name = "github.com/ipfs/go-ipfs-delay"
  packages = ["."]
  revision = "d0bfb5937b927c243605f7106115653f9175ff2c"
  version = "v0.0.1"

[[projects]]
  name = "github.com/ipfs/go-ipfs-ds-help"
  packages = ["."]
  revision = "6a316f005dea6cf550114bd2cb4bac36f9c6ce4d"
  version = "v0.0.4"

[[projects]]
  name = "github.com/ipfs/go-ipfs-exchange-interface"
  packages = ["."]
  revision = "62d74ecd98f0ba0107379efe89d142c69500f485"
  version = "v0.0.2"

[[projects]]
  name = "github.com/ipfs/go-ipfs-flags"
  packages = ["."]
  revision = "03144596b678e4b7e1d20ce770247d3ba382bc91"
  version = "v0.0.1"

[[projects]]
  name = "github.com/ipfs/go-ipfs-pq"
  packages = ["."]
  revision = "fb85b2783398396eb786ce67b79400fcda0241dc"
  version = "v0.0.1"

[[projects]]
  name = "github.com/ipfs/go-ipfs-routing"
  packages = [
    "mock",
    "offline"
  ]
  revision = "256c1af905e3ca539d4d350e8e00213c79e64352"
  version = "v0.0.14"

[[projects]]
  name = "github.com/ipfs/go-ipfs-util"
  packages = ["."]
  revision = "10d786c5ed859afd22223df76a89bf57b24b2ee1"
  version = "v1.2.8"

[[projects]]
  name = "github.com/ipfs/go-log"
  packages = [
    ".",
    "tracer",
    "tracer/wire",
    "writer"
  ]
  revision = "5dc2060baaf8db344f31dafd852340b93811d03f"
  version = "v1.5.3"

[[projects]]
  name = "github.com/ipfs/go-metrics-interface"
  packages = ["."]
  revision = "6fb12c07d09b5db635a47107cf53c867228c7086"
  version = "v0.1.2"

[[projects]]
  name = "github.com/jackpal/gateway"
  packages = ["."]
  revision = "3e333950771011fed13be63e62b9f473c5e0d9bf"
  version = "v1.0.4"

[[projects]]
  name = "github.com/jackpal/go-nat-pmp"
  packages = ["."]
  revision = "c9cfead9f2a36ddf3daa40ba269aa7f4bbba6b62"
  version = "v1.0.1"

[[projects]]
  name = "github.com/jbenet/go-base58"
  packages = ["."]
  revision = "6237cf65f3a6f7111cd8a42be3590df99a66bc7d"
  version = "1.0.0"

[[projects]]
  branch = "master"
  name = "github.com/jbenet/go-temp-err-catcher"
  packages = ["."]
  revision = "aac704a3f4f27190b4ccc05f303a4931fd1241ff"

[[projects]]
  branch = "master"
  name = "github.com/jbenet/goprocess"
  packages = [
    ".",
    "context",
    "periodic",
    "ratelimit"
  ]
  revision = "b497e2f366b8624394fb2e89c10ab607bebdde0b"

[[projects]]
  name = "github.com/libp2p/go-addr-util"
  packages = ["."]
  revision = "56c6a7f748424cab4ff68da653ff01363e3cd745"
  version = "v2.0.4"

[[projects]]
  name = "github.com/libp2p/go-conn-security"
  packages = ["."]
  revision = "1f43a64c9d5d3796daca8d9e9dd2f2001272a706"
  version = "v0.1.5"

[[projects]]
  branch = "master"
  name = "github.com/libp2p/go-conn-security-multistream"
  packages = ["."]
  revision = "df26ef91ad66a626a4b7147fd95d18962395a20e"

[[projects]]
  name = "github.com/libp2p/go-flow-metrics"
  packages = ["."]
  revision = "cc546389dcf06b4bcbf6b8594069588e5c8a1451"
  version = "v0.2.0"

[[projects]]
  name = "github.com/libp2p/go-libp2p"
  packages = [
    "p2p/host/basic",
    "p2p/protocol/identify",
    "p2p/protocol/identify/pb"
  ]
  revision = "cdc6d1940763222a9f338a14903bb383384dc46c"
  version = "v6.0.5"

[[projects]]
  name = "github.com/libp2p/go-libp2p-circuit"
  packages = [
    ".",
    "pb"
  ]
  revision = "da5214b72339b2a7c1bbd1e7166e3fcfdc7764e0"
  version = "v2.1.6"

[[projects]]
  name = "github.com/libp2p/go-libp2p-crypto"
  packages = [
    ".",
    "pb"
  ]
  revision = "50487e0f0b4842e9e657317e689fbb8209fab2dc"
  version = "v1.6.2"

[[projects]]
  name = "github.com/libp2p/go-libp2p-host"
  packages = ["."]
  revision = "c2196843b63fc9da2999045ca7fbae64e53b6461"
  version = "v3.0.4"

[[projects]]
  name = "github.com/libp2p/go-libp2p-interface-connmgr"
  packages = ["."]
  revision = "ba1fa6b3d7aed40798c930634ba109bcd7b879d9"
  version = "v0.0.11"

[[projects]]
  name = "github.com/libp2p/go-libp2p-interface-pnet"
  packages = ["."]
  revision = "3eda0a328422c06235501df5be481e4b51edc7cf"
  version = "v3.0.0"

[[projects]]
  name = "github.com/libp2p/go-libp2p-loggables"
  packages = ["."]
  revision = "39f1f79d7096e5bcba253bb5cab6651b11366fee"
  version = "v1.1.19"

[[projects]]
  name = "github.com/libp2p/go-libp2p-metrics"
  packages = ["."]
  revision = "c51c712333790bf9318c6d02b2e0129c239b5d65"
  version = "v2.1.3"

[[projects]]
  name = "github.com/libp2p/go-libp2p-nat"
  packages = ["."]
  revision = "b2342fe96714ea4535cd80706967f7deab0706e9"
  version = "v0.8.4"

[[projects]]
  name = "github.com/libp2p/go-libp2p-net"
  packages = ["."]
  revision = "d387f776809c666d02d69953e860be9f5bad5640"
  version = "v3.0.5"

[[projects]]
  name = "github.com/libp2p/go-libp2p-netutil"
  packages = ["."]
  revision = "3ea06134666174a06dbe4bd84d207fd9ac4f7226"
  version = "v0.4.4"

[[projects]]
  name = "github.com/libp2p/go-libp2p-peer"
  packages = [
    ".",
    "test"
  ]
  revision = "a26c4b782bfe3b2570c539f69dc7777a45117a90"
  version = "v2.3.5"

[[projects]]
  name = "github.com/libp2p/go-libp2p-peerstore"
  packages = [
    ".",
    "addr"
  ]
  revision = "49898a5f59ac4bea31b49d0c62ba214a6da16dbd"
  version = "v1.4.22"

[[projects]]
  name = "github.com/libp2p/go-libp2p-protocol"
  packages = ["."]
  revision = "e34f0d7468b3519bf9bf4e43c1d028ce651eab51"
  version = "v1.0.0"

[[projects]]
  name = "github.com/libp2p/go-libp2p-pubsub"
  packages = ["pb"]
  revision = "a031ab4d1b8142714eec946acb7033abafade3d7"
  version = "v0.1.0"

[[projects]]
  name = "github.com/libp2p/go-libp2p-record"
  packages = [
    ".",
    "pb"
  ]
  revision = "c29879dbb015d19ccb0a0dfcf3ce9e2f3ac6ec68"
  version = "v4.1.3"

[[projects]]
  name = "github.com/libp2p/go-libp2p-routing"
  packages = [
    ".",
    "options"
  ]
  revision = "29f1089de6a0826ecf62d20cddd8bb0930d54fb2"
  version = "v2.4.4"

[[projects]]
  name = "github.com/libp2p/go-libp2p-secio"
  packages = [
    ".",
    "pb"
  ]
  revision = "6cb371175c430ef0d98ed06c0b1de4df275a2b2d"
  version = "v2.0.4"

[[projects]]
  name = "github.com/libp2p/go-libp2p-swarm"
  packages = ["."]
  revision = "5a13bddfa3a06705681ade8e1d4ea85374b6b12e"
  version = "v3.0.6"

[[projects]]
  name = "github.com/libp2p/go-libp2p-transport"
  packages = ["."]
  revision = "52a99afeb515360b51a5e357fedc925b2dcb1deb"
  version = "v3.0.5"

[[projects]]
  name = "github.com/libp2p/go-libp2p-transport-upgrader"
  packages = ["."]
  revision = "b5eb54e6a01b7fe34878b83766269c6cb3d6ec38"
  version = "v0.1.5"

[[projects]]
  name = "github.com/libp2p/go-maddr-filter"
  packages = ["."]
  revision = "57fd7e2ed649ba28b4f2c7bcab3a606e7cc4b12c"
  version = "v1.1.9"

[[projects]]
  name = "github.com/libp2p/go-msgio"
  packages = [
    ".",
    "mpool"
  ]
  revision = "fa984f54d57f20970aac9309a89a7ea40821f67c"
  version = "v0.0.3"

[[projects]]
  name = "github.com/libp2p/go-reuseport"
  packages = [
    ".",
    "poll",
    "singlepoll"
  ]
  revision = "c2c3368efe65c8b85ddff6b278df5bef3ce235e2"
  version = "v0.1.16"

[[projects]]
  name = "github.com/libp2p/go-reuseport-transport"
  packages = ["."]
  revision = "3165117d78404111af975e3e9af2b54dd46f0819"
  version = "v0.1.8"

[[projects]]
  name = "github.com/libp2p/go-sockaddr"
  packages = ["net"]
  revision = "5c3ac7e71ec1941a0c2ed4271535d9427feb829c"
  version = "v1.0.3"

[[projects]]
  name = "github.com/libp2p/go-stream-muxer"
  packages = ["."]
  revision = "2ba231669cdd8d310277307dec6ced95a190c495"
  version = "v3.0.1"

[[projects]]
  name = "github.com/libp2p/go-tcp-transport"
  packages = ["."]
  revision = "6ac4ef1505b1de58ee82c308317ebdfdd19f79f2"
  version = "v2.0.5"

[[projects]]
  name = "github.com/libp2p/go-testutil"
  packages = ["."]
  revision = "f967bbd5fcb7fb6337504e5d78c53c865e80733c"
  version = "v1.2.5"

[[projects]]
  name = "github.com/mattn/go-colorable"
  packages = ["."]
  revision = "167de6bfdfba052fa6b2d3664c8f5272e23c9072"
  version = "v0.0.9"

[[projects]]
  name = "github.com/mattn/go-isatty"
  packages = ["."]
  revision = "0360b2af4f38e8d38c7fce2a9f4e702702d73a39"
  version = "v0.0.3"

[[projects]]
  branch = "master"
  name = "github.com/minio/blake2b-simd"
  packages = ["."]
  revision = "3f5f724cb5b182a5c278d6d3d55b40e7f8c2efb4"

[[projects]]
  branch = "master"
  name = "github.com/minio/sha256-simd"
  packages = ["."]
  revision = "ad98a36ba0da87206e3378c556abbfeaeaa98668"

[[projects]]
  branch = "master"
  name = "github.com/mitchellh/go-homedir"
  packages = ["."]
  revision = "3864e76763d94a6df2f9960b16a20a33da9f9a66"

[[projects]]
  branch = "master"
  name = "github.com/mr-tron/base58"
  packages = ["base58"]
  revision = "4df4dc6e86a912614d09719d10cad427b087cbfb"

[[projects]]
  name = "github.com/multiformats/go-multiaddr"
  packages = ["."]
  revision = "f36800afeb9c141e1adb7da099e6f010dfd4c419"
  version = "v1.2.7"

[[projects]]
  name = "github.com/multiformats/go-multiaddr-dns"
  packages = ["."]
  revision = "4c36f46414bba59a19ffe5154841f76d4a55b780"
  version = "v0.2.3"

[[projects]]
  name = "github.com/multiformats/go-multiaddr-net"
  packages = ["."]
  revision = "4d4b901d1729f55ee20cc0c8d8021aa58eb5ebe3"
  version = "v1.6.2"

[[projects]]
  name = "github.com/multiformats/go-multibase"
  packages = ["."]
  revision = "dfd5076869faca5aed2886dcba60b44a0d0e9c01"
  version = "v0.2.6"

[[projects]]
  name = "github.com/multiformats/go-multicodec"
  packages = [
    ".",
    "protobuf"
  ]
  revision = "65c82c261bfdac27035eb81f3b0f0fc55edbc536"
  version = "v0.1.5"

[[projects]]
  name = "github.com/multiformats/go-multihash"
  packages = ["."]
  revision = "8be2a682ab9f254311de1375145a2f78a809b07d"
  version = "v1.0.8"

[[projects]]
  name = "github.com/multiformats/go-multistream"
  packages = ["."]
  revision = "2b032632ecab1e1b98c8d2391a4f6ab9a6c9e140"
  version = "v0.3.7"

[[projects]]
  branch = "master"
  name = "github.com/obscuren/ecies"
  packages = ["."]
  revision = "7c0f4a9b18d992166452d8cd32caaefd92b26386"

[[projects]]
  name = "github.com/opentracing/opentracing-go"
  packages = [
    ".",
    "ext",
    "log"
  ]
  revision = "1949ddbfd147afd4d964a9f00b24eb291e0e7c38"
  version = "v1.0.2"

[[projects]]
  name = "github.com/pkg/errors"
  packages = ["."]
  revision = "645ef00459ed84a119197bfb8d8205042c6df63d"
  version = "v0.8.0"

[[projects]]
  name = "github.com/satori/go.uuid"
  packages = ["."]
  revision = "36e9d2ebbde5e3f13ab2e25625fd453271d6522e"

[[projects]]
  name = "github.com/sirupsen/logrus"
  packages = ["."]
  revision = "3e01752db0189b9157070a0e1668a620f9a85da2"
  version = "v1.0.6"

[[projects]]
  name = "github.com/spaolacci/murmur3"
  packages = ["."]
  revision = "9f5d223c60793748f04a9d5b4b4eacddfc1f755d"
  version = "v1.1"

[[projects]]
  branch = "master"
  name = "github.com/whyrusleeping/base32"
  packages = ["."]
  revision = "c30ac30633ccdabefe87eb12465113f06f1bab75"

[[projects]]
  branch = "master"
  name = "github.com/whyrusleeping/go-logging"
  packages = ["."]
  revision = "0457bb6b88fc1973573aaf6b5145d8d3ae972390"

[[projects]]
  branch = "master"
  name = "github.com/whyrusleeping/go-notifier"
  packages = ["."]
  revision = "097c5d47330ff6a823f67e3515faa13566a62c6f"

[[projects]]
  branch = "master"
  name = "github.com/whyrusleeping/go-smux-multistream"
  packages = ["."]
  revision = "c707bf3c25fa380b20b54907790efde288775938"

[[projects]]
  branch = "master"
  name = "github.com/whyrusleeping/go-smux-yamux"
  packages = ["."]
  revision = "eac25f3e2d47aae211e457e7664b52634c95eea8"

[[projects]]
  branch = "master"
  name = "github.com/whyrusleeping/mafmt"
  packages = ["."]
  revision = "1dc32401ee9fdd3f6cdb3405ec984d5dae877b2a"

[[projects]]
  branch = "master"
  name = "github.com/whyrusleeping/multiaddr-filter"
  packages = ["."]
  revision = "e903e4adabd70b78bc9293b6ee4f359afb3f9f59"

[[projects]]
  branch = "master"
  name = "github.com/whyrusleeping/tar-utils"
  packages = ["."]
  revision = "8c6c8ba81d5c71fd69c0f48dbde4b2fb422b6dfc"

[[projects]]
  branch = "master"
  name = "github.com/whyrusleeping/yamux"
  packages = ["."]
  revision = "cb29a700b01dc3c2fdd743c00cf54685056bb62a"

[[projects]]
  branch = "master"
  name = "golang.org/x/crypto"
  packages = [
    "blake2s",
    "blowfish",
    "sha3",
    "ssh/terminal"
  ]
  revision = "c126467f60eb25f8f27e5a981f32a87e3965053f"

[[projects]]
  branch = "master"
  name = "golang.org/x/net"
  packages = [
    "context",
    "context/ctxhttp",
    "html",
    "html/atom",
    "html/charset",
    "internal/socks",
    "proxy"
  ]
  revision = "3673e40ba22529d22c3fd7c93e97b0ce50fa7bdd"

[[projects]]
  branch = "master"
  name = "golang.org/x/sys"
  packages = [
    "cpu",
    "unix",
    "windows"
  ]
  revision = "e072cadbbdc8dd3d3ffa82b8b4b9304c261d9311"

[[projects]]
  name = "golang.org/x/text"
  packages = [
    "encoding",
    "encoding/charmap",
    "encoding/htmlindex",
    "encoding/internal",
    "encoding/internal/identifier",
    "encoding/japanese",
    "encoding/korean",
    "encoding/simplifiedchinese",
    "encoding/traditionalchinese",
    "encoding/unicode",
    "internal/gen",
    "internal/tag",
    "internal/utf8internal",
    "language",
    "runes",
    "transform",
    "unicode/cldr"
  ]
  revision = "f21a4dfb5e38f5895301dc265a8def02365cc3d0"
  version = "v0.3.0"

[solve-meta]
  analyzer-name = "dep"
  analyzer-version = 1
  inputs-digest = "018e23be6e9dbcd46940d208a331a9d9c1683561e8b54465dab9955c050c64eb"
  solver-name = "gps-cdcl"
  solver-version = 1
